// !$*UTF8*$!
{
	archiveVersion = 1;
	classes = {
	};
	objectVersion = 45;
	objects = {

/* Begin PBXBuildFile section */
		1D3623260D0F684500981E51 /* isynthAppDelegate.m in Sources */ = {isa = PBXBuildFile; fileRef = 1D3623250D0F684500981E51 /* isynthAppDelegate.m */; };
		1D60589B0D05DD56006BFB54 /* main.m in Sources */ = {isa = PBXBuildFile; fileRef = 29B97316FDCFA39411CA2CEA /* main.m */; };
		1D60589F0D05DD5A006BFB54 /* Foundation.framework in Frameworks */ = {isa = PBXBuildFile; fileRef = 1D30AB110D05D00D00671497 /* Foundation.framework */; };
		1DF5F4E00D08C38300B7A737 /* UIKit.framework in Frameworks */ = {isa = PBXBuildFile; fileRef = 1DF5F4DF0D08C38300B7A737 /* UIKit.framework */; };
		288765A50DF7441C002DB57D /* CoreGraphics.framework in Frameworks */ = {isa = PBXBuildFile; fileRef = 288765A40DF7441C002DB57D /* CoreGraphics.framework */; };
		2899E5220DE3E06400AC0155 /* isynthViewController.xib in Resources */ = {isa = PBXBuildFile; fileRef = 2899E5210DE3E06400AC0155 /* isynthViewController.xib */; };
		28AD733F0D9D9553002E5188 /* MainWindow.xib in Resources */ = {isa = PBXBuildFile; fileRef = 28AD733E0D9D9553002E5188 /* MainWindow.xib */; };
		28D7ACF80DDB3853001CB0EB /* isynthViewController.mm in Sources */ = {isa = PBXBuildFile; fileRef = 28D7ACF70DDB3853001CB0EB /* isynthViewController.mm */; };
		A939E95511852E3000EE073E /* acousticdrums.pat in Resources */ = {isa = PBXBuildFile; fileRef = A939E94B11852E3000EE073E /* acousticdrums.pat */; };
		A939E95611852E3000EE073E /* badpiano.pat in Resources */ = {isa = PBXBuildFile; fileRef = A939E94C11852E3000EE073E /* badpiano.pat */; };
		A939E95711852E3000EE073E /* drums.pat in Resources */ = {isa = PBXBuildFile; fileRef = A939E94D11852E3000EE073E /* drums.pat */; };
		A939E95811852E3000EE073E /* fmbass.pat in Resources */ = {isa = PBXBuildFile; fileRef = A939E94E11852E3000EE073E /* fmbass.pat */; };
		A939E95911852E3000EE073E /* fmreed.pat in Resources */ = {isa = PBXBuildFile; fileRef = A939E94F11852E3000EE073E /* fmreed.pat */; };
		A939E95A11852E3000EE073E /* lewp.pat in Resources */ = {isa = PBXBuildFile; fileRef = A939E95011852E3000EE073E /* lewp.pat */; };
		A939E95B11852E3000EE073E /* pad.pat in Resources */ = {isa = PBXBuildFile; fileRef = A939E95111852E3000EE073E /* pad.pat */; };
		A939E95C11852E3000EE073E /* retrigpulser.pat in Resources */ = {isa = PBXBuildFile; fileRef = A939E95211852E3000EE073E /* retrigpulser.pat */; };
		A939E95D11852E3000EE073E /* rubberbass.pat in Resources */ = {isa = PBXBuildFile; fileRef = A939E95311852E3000EE073E /* rubberbass.pat */; };
		A939E95E11852E3000EE073E /* toms.pat in Resources */ = {isa = PBXBuildFile; fileRef = A939E95411852E3000EE073E /* toms.pat */; };
		A9502D70111664C7007CFD97 /* audio_osx.cpp in Sources */ = {isa = PBXBuildFile; fileRef = A9502D6E111664C7007CFD97 /* audio_osx.cpp */; };
		A9502D7C111665E1007CFD97 /* CoreFoundation.framework in Frameworks */ = {isa = PBXBuildFile; fileRef = A9502D7B111665E1007CFD97 /* CoreFoundation.framework */; };
		A9502DDD11168261007CFD97 /* AudioToolbox.framework in Frameworks */ = {isa = PBXBuildFile; fileRef = A9502DDC11168261007CFD97 /* AudioToolbox.framework */; };
		A960CA8D1130786C00817886 /* input_osx.cpp in Sources */ = {isa = PBXBuildFile; fileRef = A960CA8C1130786C00817886 /* input_osx.cpp */; };
		A9BF6E66116BFF0400E339A3 /* synth.cpp in Sources */ = {isa = PBXBuildFile; fileRef = A9BF6E63116BFF0400E339A3 /* synth.cpp */; };
		A9DB8E7F1184FEB8006FBF16 /* file_win32.cpp in Sources */ = {isa = PBXBuildFile; fileRef = A9DB8E7E1184FEB8006FBF16 /* file_win32.cpp */; };
/* End PBXBuildFile section */

/* Begin PBXFileReference section */
		1D30AB110D05D00D00671497 /* Foundation.framework */ = {isa = PBXFileReference; lastKnownFileType = wrapper.framework; name = Foundation.framework; path = System/Library/Frameworks/Foundation.framework; sourceTree = SDKROOT; };
		1D3623240D0F684500981E51 /* isynthAppDelegate.h */ = {isa = PBXFileReference; fileEncoding = 4; lastKnownFileType = sourcecode.c.h; path = isynthAppDelegate.h; sourceTree = "<group>"; };
		1D3623250D0F684500981E51 /* isynthAppDelegate.m */ = {isa = PBXFileReference; fileEncoding = 4; lastKnownFileType = sourcecode.c.objc; path = isynthAppDelegate.m; sourceTree = "<group>"; };
		1D6058910D05DD3D006BFB54 /* isynth.app */ = {isa = PBXFileReference; explicitFileType = wrapper.application; includeInIndex = 0; path = isynth.app; sourceTree = BUILT_PRODUCTS_DIR; };
		1DF5F4DF0D08C38300B7A737 /* UIKit.framework */ = {isa = PBXFileReference; lastKnownFileType = wrapper.framework; name = UIKit.framework; path = System/Library/Frameworks/UIKit.framework; sourceTree = SDKROOT; };
		288765A40DF7441C002DB57D /* CoreGraphics.framework */ = {isa = PBXFileReference; lastKnownFileType = wrapper.framework; name = CoreGraphics.framework; path = System/Library/Frameworks/CoreGraphics.framework; sourceTree = SDKROOT; };
		2899E5210DE3E06400AC0155 /* isynthViewController.xib */ = {isa = PBXFileReference; lastKnownFileType = file.xib; path = isynthViewController.xib; sourceTree = "<group>"; };
		28AD733E0D9D9553002E5188 /* MainWindow.xib */ = {isa = PBXFileReference; lastKnownFileType = file.xib; path = MainWindow.xib; sourceTree = "<group>"; };
		28D7ACF60DDB3853001CB0EB /* isynthViewController.h */ = {isa = PBXFileReference; fileEncoding = 4; lastKnownFileType = sourcecode.c.h; path = isynthViewController.h; sourceTree = "<group>"; };
		28D7ACF70DDB3853001CB0EB /* isynthViewController.mm */ = {isa = PBXFileReference; fileEncoding = 4; lastKnownFileType = sourcecode.cpp.objcpp; path = isynthViewController.mm; sourceTree = "<group>"; };
		29B97316FDCFA39411CA2CEA /* main.m */ = {isa = PBXFileReference; fileEncoding = 4; lastKnownFileType = sourcecode.c.objc; path = main.m; sourceTree = "<group>"; };
		32CA4F630368D1EE00C91783 /* isynth_Prefix.pch */ = {isa = PBXFileReference; fileEncoding = 4; lastKnownFileType = sourcecode.c.h; path = isynth_Prefix.pch; sourceTree = "<group>"; };
		A939E94B11852E3000EE073E /* acousticdrums.pat */ = {isa = PBXFileReference; fileEncoding = 4; lastKnownFileType = text; name = acousticdrums.pat; path = ../patches/acousticdrums.pat; sourceTree = SOURCE_ROOT; };
		A939E94C11852E3000EE073E /* badpiano.pat */ = {isa = PBXFileReference; fileEncoding = 4; lastKnownFileType = text; name = badpiano.pat; path = ../patches/badpiano.pat; sourceTree = SOURCE_ROOT; };
		A939E94D11852E3000EE073E /* drums.pat */ = {isa = PBXFileReference; fileEncoding = 4; lastKnownFileType = text; name = drums.pat; path = ../patches/drums.pat; sourceTree = SOURCE_ROOT; };
		A939E94E11852E3000EE073E /* fmbass.pat */ = {isa = PBXFileReference; fileEncoding = 4; lastKnownFileType = text; name = fmbass.pat; path = ../patches/fmbass.pat; sourceTree = SOURCE_ROOT; };
		A939E94F11852E3000EE073E /* fmreed.pat */ = {isa = PBXFileReference; fileEncoding = 4; lastKnownFileType = text; name = fmreed.pat; path = ../patches/fmreed.pat; sourceTree = SOURCE_ROOT; };
		A939E95011852E3000EE073E /* lewp.pat */ = {isa = PBXFileReference; fileEncoding = 4; lastKnownFileType = text; name = lewp.pat; path = ../patches/lewp.pat; sourceTree = SOURCE_ROOT; };
		A939E95111852E3000EE073E /* pad.pat */ = {isa = PBXFileReference; fileEncoding = 4; lastKnownFileType = text; name = pad.pat; path = ../patches/pad.pat; sourceTree = SOURCE_ROOT; };
		A939E95211852E3000EE073E /* retrigpulser.pat */ = {isa = PBXFileReference; fileEncoding = 4; lastKnownFileType = text; name = retrigpulser.pat; path = ../patches/retrigpulser.pat; sourceTree = SOURCE_ROOT; };
		A939E95311852E3000EE073E /* rubberbass.pat */ = {isa = PBXFileReference; fileEncoding = 4; lastKnownFileType = text; name = rubberbass.pat; path = ../patches/rubberbass.pat; sourceTree = SOURCE_ROOT; };
		A939E95411852E3000EE073E /* toms.pat */ = {isa = PBXFileReference; fileEncoding = 4; lastKnownFileType = text; name = toms.pat; path = ../patches/toms.pat; sourceTree = SOURCE_ROOT; };
		A9502D6E111664C7007CFD97 /* audio_osx.cpp */ = {isa = PBXFileReference; fileEncoding = 4; lastKnownFileType = sourcecode.cpp.cpp; name = audio_osx.cpp; path = ../audio_osx.cpp; sourceTree = SOURCE_ROOT; };
		A9502D7B111665E1007CFD97 /* CoreFoundation.framework */ = {isa = PBXFileReference; lastKnownFileType = wrapper.framework; name = CoreFoundation.framework; path = System/Library/Frameworks/CoreFoundation.framework; sourceTree = SDKROOT; };
		A9502DDC11168261007CFD97 /* AudioToolbox.framework */ = {isa = PBXFileReference; lastKnownFileType = wrapper.framework; name = AudioToolbox.framework; path = System/Library/Frameworks/AudioToolbox.framework; sourceTree = SDKROOT; };
		A9502DE4111682D9007CFD97 /* audio.h */ = {isa = PBXFileReference; fileEncoding = 4; lastKnownFileType = sourcecode.c.h; name = audio.h; path = ../audio.h; sourceTree = SOURCE_ROOT; };
		A960CA8C1130786C00817886 /* input_osx.cpp */ = {isa = PBXFileReference; fileEncoding = 4; lastKnownFileType = sourcecode.cpp.cpp; name = input_osx.cpp; path = ../input_osx.cpp; sourceTree = SOURCE_ROOT; };
		A960CA8E11307A0500817886 /* input.h */ = {isa = PBXFileReference; fileEncoding = 4; lastKnownFileType = sourcecode.c.h; name = input.h; path = ../input.h; sourceTree = SOURCE_ROOT; };
		A9BF6E60116BFF0400E339A3 /* exception.h */ = {isa = PBXFileReference; fileEncoding = 4; lastKnownFileType = sourcecode.c.h; name = exception.h; path = ../exception.h; sourceTree = SOURCE_ROOT; };
		A9BF6E61116BFF0400E339A3 /* file.h */ = {isa = PBXFileReference; fileEncoding = 4; lastKnownFileType = sourcecode.c.h; name = file.h; path = ../file.h; sourceTree = SOURCE_ROOT; };
		A9BF6E63116BFF0400E339A3 /* synth.cpp */ = {isa = PBXFileReference; fileEncoding = 4; lastKnownFileType = sourcecode.cpp.cpp; name = synth.cpp; path = ../synth.cpp; sourceTree = SOURCE_ROOT; };
		A9BF6E64116BFF0400E339A3 /* synth.h */ = {isa = PBXFileReference; fileEncoding = 4; lastKnownFileType = sourcecode.c.h; name = synth.h; path = ../synth.h; sourceTree = SOURCE_ROOT; };
		A9BF6E6E116C027500E339A3 /* isynth-Info.plist */ = {isa = PBXFileReference; fileEncoding = 4; lastKnownFileType = text.plist.xml; path = "isynth-Info.plist"; sourceTree = "<group>"; };
		A9DB8E7E1184FEB8006FBF16 /* file_win32.cpp */ = {isa = PBXFileReference; fileEncoding = 4; lastKnownFileType = sourcecode.cpp.cpp; name = file_win32.cpp; path = ../file_win32.cpp; sourceTree = SOURCE_ROOT; };
/* End PBXFileReference section */

/* Begin PBXFrameworksBuildPhase section */
		1D60588F0D05DD3D006BFB54 /* Frameworks */ = {
			isa = PBXFrameworksBuildPhase;
			buildActionMask = 2147483647;
			files = (
				1D60589F0D05DD5A006BFB54 /* Foundation.framework in Frameworks */,
				1DF5F4E00D08C38300B7A737 /* UIKit.framework in Frameworks */,
				288765A50DF7441C002DB57D /* CoreGraphics.framework in Frameworks */,
				A9502D7C111665E1007CFD97 /* CoreFoundation.framework in Frameworks */,
				A9502DDD11168261007CFD97 /* AudioToolbox.framework in Frameworks */,
			);
			runOnlyForDeploymentPostprocessing = 0;
		};
/* End PBXFrameworksBuildPhase section */

/* Begin PBXGroup section */
		080E96DDFE201D6D7F000001 /* Classes */ = {
			isa = PBXGroup;
			children = (
				1D3623240D0F684500981E51 /* isynthAppDelegate.h */,
				1D3623250D0F684500981E51 /* isynthAppDelegate.m */,
				28D7ACF60DDB3853001CB0EB /* isynthViewController.h */,
				28D7ACF70DDB3853001CB0EB /* isynthViewController.mm */,
			);
			path = Classes;
			sourceTree = "<group>";
		};
		19C28FACFE9D520D11CA2CBB /* Products */ = {
			isa = PBXGroup;
			children = (
				1D6058910D05DD3D006BFB54 /* isynth.app */,
			);
			name = Products;
			sourceTree = "<group>";
		};
		29B97314FDCFA39411CA2CEA /* CustomTemplate */ = {
			isa = PBXGroup;
			children = (
				080E96DDFE201D6D7F000001 /* Classes */,
				29B97315FDCFA39411CA2CEA /* Other Sources */,
				29B97317FDCFA39411CA2CEA /* Resources-iPad */,
				29B97323FDCFA39411CA2CEA /* Frameworks */,
				19C28FACFE9D520D11CA2CBB /* Products */,
			);
			name = CustomTemplate;
			sourceTree = "<group>";
		};
		29B97315FDCFA39411CA2CEA /* Other Sources */ = {
			isa = PBXGroup;
			children = (
				A9DB8E7E1184FEB8006FBF16 /* file_win32.cpp */,
				A9BF6E60116BFF0400E339A3 /* exception.h */,
				A9BF6E61116BFF0400E339A3 /* file.h */,
				A9BF6E63116BFF0400E339A3 /* synth.cpp */,
				A9BF6E64116BFF0400E339A3 /* synth.h */,
				A960CA8E11307A0500817886 /* input.h */,
				A960CA8C1130786C00817886 /* input_osx.cpp */,
				A9502DE4111682D9007CFD97 /* audio.h */,
				A9502D6E111664C7007CFD97 /* audio_osx.cpp */,
				32CA4F630368D1EE00C91783 /* isynth_Prefix.pch */,
				29B97316FDCFA39411CA2CEA /* main.m */,
			);
			name = "Other Sources";
			sourceTree = "<group>";
		};
		29B97317FDCFA39411CA2CEA /* Resources-iPad */ = {
			isa = PBXGroup;
			children = (
				A939E94B11852E3000EE073E /* acousticdrums.pat */,
				A939E94C11852E3000EE073E /* badpiano.pat */,
				A939E94D11852E3000EE073E /* drums.pat */,
				A939E94E11852E3000EE073E /* fmbass.pat */,
				A939E94F11852E3000EE073E /* fmreed.pat */,
				A939E95011852E3000EE073E /* lewp.pat */,
				A939E95111852E3000EE073E /* pad.pat */,
				A939E95211852E3000EE073E /* retrigpulser.pat */,
				A939E95311852E3000EE073E /* rubberbass.pat */,
				A939E95411852E3000EE073E /* toms.pat */,
				2899E5210DE3E06400AC0155 /* isynthViewController.xib */,
				28AD733E0D9D9553002E5188 /* MainWindow.xib */,
				A9BF6E6E116C027500E339A3 /* isynth-Info.plist */,
			);
			name = "Resources-iPad";
			sourceTree = "<group>";
		};
		29B97323FDCFA39411CA2CEA /* Frameworks */ = {
			isa = PBXGroup;
			children = (
				1DF5F4DF0D08C38300B7A737 /* UIKit.framework */,
				1D30AB110D05D00D00671497 /* Foundation.framework */,
				288765A40DF7441C002DB57D /* CoreGraphics.framework */,
				A9502D7B111665E1007CFD97 /* CoreFoundation.framework */,
				A9502DDC11168261007CFD97 /* AudioToolbox.framework */,
			);
			name = Frameworks;
			sourceTree = "<group>";
		};
/* End PBXGroup section */

/* Begin PBXNativeTarget section */
		1D6058900D05DD3D006BFB54 /* isynth */ = {
			isa = PBXNativeTarget;
			buildConfigurationList = 1D6058960D05DD3E006BFB54 /* Build configuration list for PBXNativeTarget "isynth" */;
			buildPhases = (
				1D60588D0D05DD3D006BFB54 /* Resources */,
				1D60588E0D05DD3D006BFB54 /* Sources */,
				1D60588F0D05DD3D006BFB54 /* Frameworks */,
			);
			buildRules = (
			);
			dependencies = (
			);
			name = isynth;
			productName = isynth;
			productReference = 1D6058910D05DD3D006BFB54 /* isynth.app */;
			productType = "com.apple.product-type.application";
		};
/* End PBXNativeTarget section */

/* Begin PBXProject section */
		29B97313FDCFA39411CA2CEA /* Project object */ = {
			isa = PBXProject;
			buildConfigurationList = C01FCF4E08A954540054247B /* Build configuration list for PBXProject "isynth" */;
			compatibilityVersion = "Xcode 3.1";
			hasScannedForEncodings = 1;
			mainGroup = 29B97314FDCFA39411CA2CEA /* CustomTemplate */;
			projectDirPath = "";
			projectRoot = "";
			targets = (
				1D6058900D05DD3D006BFB54 /* isynth */,
			);
		};
/* End PBXProject section */

/* Begin PBXResourcesBuildPhase section */
		1D60588D0D05DD3D006BFB54 /* Resources */ = {
			isa = PBXResourcesBuildPhase;
			buildActionMask = 2147483647;
			files = (
				28AD733F0D9D9553002E5188 /* MainWindow.xib in Resources */,
				2899E5220DE3E06400AC0155 /* isynthViewController.xib in Resources */,
				A939E95511852E3000EE073E /* acousticdrums.pat in Resources */,
				A939E95611852E3000EE073E /* badpiano.pat in Resources */,
				A939E95711852E3000EE073E /* drums.pat in Resources */,
				A939E95811852E3000EE073E /* fmbass.pat in Resources */,
				A939E95911852E3000EE073E /* fmreed.pat in Resources */,
				A939E95A11852E3000EE073E /* lewp.pat in Resources */,
				A939E95B11852E3000EE073E /* pad.pat in Resources */,
				A939E95C11852E3000EE073E /* retrigpulser.pat in Resources */,
				A939E95D11852E3000EE073E /* rubberbass.pat in Resources */,
				A939E95E11852E3000EE073E /* toms.pat in Resources */,
			);
			runOnlyForDeploymentPostprocessing = 0;
		};
/* End PBXResourcesBuildPhase section */

/* Begin PBXSourcesBuildPhase section */
		1D60588E0D05DD3D006BFB54 /* Sources */ = {
			isa = PBXSourcesBuildPhase;
			buildActionMask = 2147483647;
			files = (
				1D60589B0D05DD56006BFB54 /* main.m in Sources */,
				1D3623260D0F684500981E51 /* isynthAppDelegate.m in Sources */,
				28D7ACF80DDB3853001CB0EB /* isynthViewController.mm in Sources */,
				A9502D70111664C7007CFD97 /* audio_osx.cpp in Sources */,
				A960CA8D1130786C00817886 /* input_osx.cpp in Sources */,
				A9BF6E66116BFF0400E339A3 /* synth.cpp in Sources */,
				A9DB8E7F1184FEB8006FBF16 /* file_win32.cpp in Sources */,
			);
			runOnlyForDeploymentPostprocessing = 0;
		};
/* End PBXSourcesBuildPhase section */

/* Begin XCBuildConfiguration section */
		1D6058940D05DD3E006BFB54 /* Debug */ = {
			isa = XCBuildConfiguration;
			buildSettings = {
				ALWAYS_SEARCH_USER_PATHS = NO;
				COPY_PHASE_STRIP = NO;
				GCC_DYNAMIC_NO_PIC = NO;
				GCC_OPTIMIZATION_LEVEL = 0;
				GCC_PRECOMPILE_PREFIX_HEADER = YES;
				GCC_PREFIX_HEADER = isynth_Prefix.pch;
				INFOPLIST_FILE = "isynth-Info.plist";
				PRODUCT_NAME = isynth;
				TARGETED_DEVICE_FAMILY = 2;
			};
			name = Debug;
		};
		1D6058950D05DD3E006BFB54 /* Release */ = {
			isa = XCBuildConfiguration;
			buildSettings = {
				ALWAYS_SEARCH_USER_PATHS = NO;
				COPY_PHASE_STRIP = YES;
				GCC_PRECOMPILE_PREFIX_HEADER = YES;
				GCC_PREFIX_HEADER = isynth_Prefix.pch;
				INFOPLIST_FILE = "isynth-Info.plist";
				PRODUCT_NAME = isynth;
				TARGETED_DEVICE_FAMILY = 2;
				VALIDATE_PRODUCT = YES;
			};
			name = Release;
		};
		C01FCF4F08A954540054247B /* Debug */ = {
			isa = XCBuildConfiguration;
			buildSettings = {
				ARCHS = "$(ARCHS_STANDARD_32_BIT)";
				"CODE_SIGN_IDENTITY[sdk=iphoneos*]" = "iPhone Developer";
				GCC_C_LANGUAGE_STANDARD = c99;
				GCC_WARN_ABOUT_RETURN_TYPE = YES;
				GCC_WARN_UNUSED_VARIABLE = YES;
				PREBINDING = NO;
				SDKROOT = iphoneos3.1.2;
				TARGETED_DEVICE_FAMILY = 1;
			};
			name = Debug;
		};
		C01FCF5008A954540054247B /* Release */ = {
			isa = XCBuildConfiguration;
			buildSettings = {
				ARCHS = "$(ARCHS_STANDARD_32_BIT)";
				"CODE_SIGN_IDENTITY[sdk=iphoneos*]" = "iPhone Developer";
				GCC_C_LANGUAGE_STANDARD = c99;
				GCC_WARN_ABOUT_RETURN_TYPE = YES;
				GCC_WARN_UNUSED_VARIABLE = YES;
				PREBINDING = NO;
				SDKROOT = iphoneos3.1.2;
				TARGETED_DEVICE_FAMILY = 1;
			};
			name = Release;
		};
/* End XCBuildConfiguration section */

/* Begin XCConfigurationList section */
		1D6058960D05DD3E006BFB54 /* Build configuration list for PBXNativeTarget "isynth" */ = {
			isa = XCConfigurationList;
			buildConfigurations = (
				1D6058940D05DD3E006BFB54 /* Debug */,
				1D6058950D05DD3E006BFB54 /* Release */,
			);
			defaultConfigurationIsVisible = 0;
			defaultConfigurationName = Release;
		};
		C01FCF4E08A954540054247B /* Build configuration list for PBXProject "isynth" */ = {
			isa = XCConfigurationList;
			buildConfigurations = (
				C01FCF4F08A954540054247B /* Debug */,
				C01FCF5008A954540054247B /* Release */,
			);
			defaultConfigurationIsVisible = 0;
			defaultConfigurationName = Release;
		};
/* End XCConfigurationList section */
	};
	rootObject = 29B97313FDCFA39411CA2CEA /* Project object */;
}
